
Microsoft Visual Studio Solution File, Format Version 12.00
# Visual Studio Version 17
VisualStudioVersion = 17.9.34701.34
MinimumVisualStudioVersion = 10.0.40219.1
Project("{FAE04EC0-301F-11D3-BF4B-00C04F79EFBC}") = "emlak kayıt", "emlak kayıt\emlak kayıt.csproj", "{12324DDB-8352-45C9-9E1E-DAD29F16AC5E}"
EndProject
Global
	GlobalSection(SolutionConfigurationPlatforms) = preSolution
		Debug|Any CPU = Debug|Any CPU
		Release|Any CPU = Release|Any CPU
	EndGlobalSection
	GlobalSection(ProjectConfigurationPlatforms) = postSolution
		{12324DDB-8352-45C9-9E1E-DAD29F16AC5E}.Debug|Any CPU.ActiveCfg = Debug|Any CPU
		{12324DDB-8352-45C9-9E1E-DAD29F16AC5E}.Debug|Any CPU.Build.0 = Debug|Any CPU
		{12324DDB-8352-45C9-9E1E-DAD29F16AC5E}.Release|Any CPU.ActiveCfg = Release|Any CPU
		{12324DDB-8352-45C9-9E1E-DAD29F16AC5E}.Release|Any CPU.Build.0 = Release|Any CPU
	EndGlobalSection
	GlobalSection(SolutionProperties) = preSolution
		HideSolutionNode = FALSE
	EndGlobalSection
	GlobalSection(ExtensibilityGlobals) = postSolution
		SolutionGuid = {0CDABBCF-DD0D-42FE-9AFF-5908D76C6B82}
	EndGlobalSection
EndGlobal
